
Microsoft Visual Studio Solution File, Format Version 12.00
# Visual Studio Version 16
VisualStudioVersion = 16.0.31424.327
MinimumVisualStudioVersion = 10.0.40219.1
Project("{FAE04EC0-301F-11D3-BF4B-00C04F79EFBC}") = "Hello World", "Hello World.csproj", "{58FEE914-8028-427D-ADD4-9F01710A054B}"
EndProject
Global
	GlobalSection(SolutionConfigurationPlatforms) = preSolution
		Debug|Any CPU = Debug|Any CPU
		Release|Any CPU = Release|Any CPU
	EndGlobalSection
	GlobalSection(ProjectConfigurationPlatforms) = postSolution
		{58FEE914-8028-427D-ADD4-9F01710A054B}.Debug|Any CPU.ActiveCfg = Debug|Any CPU
		{58FEE914-8028-427D-ADD4-9F01710A054B}.Debug|Any CPU.Build.0 = Debug|Any CPU
		{58FEE914-8028-427D-ADD4-9F01710A054B}.Release|Any CPU.ActiveCfg = Release|Any CPU
		{58FEE914-8028-427D-ADD4-9F01710A054B}.Release|Any CPU.Build.0 = Release|Any CPU
	EndGlobalSection
	GlobalSection(SolutionProperties) = preSolution
		HideSolutionNode = FALSE
	EndGlobalSection
	GlobalSection(ExtensibilityGlobals) = postSolution
		SolutionGuid = {0B2F1C89-E1EA-46B5-9F46-E52B9A0C7205}
	EndGlobalSection
EndGlobal
